
Microsoft Visual Studio Solution File, Format Version 12.00
# Visual Studio Version 16
VisualStudioVersion = 16.0.29102.190
MinimumVisualStudioVersion = 10.0.40219.1
Project("{2150E333-8FDC-42A3-9474-1A3956D46DE8}") = "Pixel", "Pixel", "{F1488A42-3DE3-4DCF-8A95-B209266943A6}"
EndProject
Project("{FAE04EC0-301F-11D3-BF4B-00C04F79EFBC}") = "eWolfPixelUI", "Pixel\eWolfPixelCoreUI\eWolfPixelUI.csproj", "{A5471D05-7A1B-4D68-A7E3-8389168AB62F}"
EndProject
Project("{9A19103F-16F7-4668-BE54-9A1E7A4F7556}") = "eWolfPixelStandard", "Pixel\eWolfPixelStandard\eWolfPixelStandard.csproj", "{BC1FE37D-C631-451D-A005-456F1C76DE01}"
EndProject
Project("{9A19103F-16F7-4668-BE54-9A1E7A4F7556}") = "eWolfPixelStandard.UnitTests", "Pixel\eWolfPixelStandard.UnitTests\eWolfPixelStandard.UnitTests.csproj", "{D92C976C-761F-4C17-AEC8-9FF7B93455CB}"
EndProject
Project("{9A19103F-16F7-4668-BE54-9A1E7A4F7556}") = "eWolfUnity3DParser", "Pixel\eWolfUnity3DParser\eWolfUnity3DParser.csproj", "{B29C8124-F655-4099-A359-03BE41C3CC01}"
EndProject
Project("{9A19103F-16F7-4668-BE54-9A1E7A4F7556}") = "eWolfUnity3DParser.UnitTests", "Pixel\eWolfUnity3DParser.UnitTests\eWolfUnity3DParser.UnitTests.csproj", "{E3C86CE4-3F01-4B47-9DF8-EFA9C1FD6DE8}"
EndProject
Project("{FAE04EC0-301F-11D3-BF4B-00C04F79EFBC}") = "eWolfPixelApp", "Pixel\eWolfPixelApp\eWolfPixelApp.csproj", "{BD4A6CBD-ADA8-4B6E-BCA9-6D812384A81B}"
EndProject
Project("{FAE04EC0-301F-11D3-BF4B-00C04F79EFBC}") = "eWolfPixelCommon", "Pixel\eWolfPixelCommon\eWolfPixelCommon.csproj", "{DD6F845B-444C-4B1B-816E-9206973E7AE7}"
EndProject
Project("{FAE04EC0-301F-11D3-BF4B-00C04F79EFBC}") = "eWolfPixelCommon.UnitTests", "Pixel\eWolfPixelCommon.UnitTests\eWolfPixelCommon.UnitTests.csproj", "{C653D324-9FCB-40AD-B753-48A342047836}"
EndProject
Global
	GlobalSection(SolutionConfigurationPlatforms) = preSolution
		Debug|Any CPU = Debug|Any CPU
		Release|Any CPU = Release|Any CPU
	EndGlobalSection
	GlobalSection(ProjectConfigurationPlatforms) = postSolution
		{A5471D05-7A1B-4D68-A7E3-8389168AB62F}.Debug|Any CPU.ActiveCfg = Debug|Any CPU
		{A5471D05-7A1B-4D68-A7E3-8389168AB62F}.Debug|Any CPU.Build.0 = Debug|Any CPU
		{A5471D05-7A1B-4D68-A7E3-8389168AB62F}.Release|Any CPU.ActiveCfg = Release|Any CPU
		{A5471D05-7A1B-4D68-A7E3-8389168AB62F}.Release|Any CPU.Build.0 = Release|Any CPU
		{BC1FE37D-C631-451D-A005-456F1C76DE01}.Debug|Any CPU.ActiveCfg = Debug|Any CPU
		{BC1FE37D-C631-451D-A005-456F1C76DE01}.Debug|Any CPU.Build.0 = Debug|Any CPU
		{BC1FE37D-C631-451D-A005-456F1C76DE01}.Release|Any CPU.ActiveCfg = Release|Any CPU
		{BC1FE37D-C631-451D-A005-456F1C76DE01}.Release|Any CPU.Build.0 = Release|Any CPU
		{D92C976C-761F-4C17-AEC8-9FF7B93455CB}.Debug|Any CPU.ActiveCfg = Debug|Any CPU
		{D92C976C-761F-4C17-AEC8-9FF7B93455CB}.Debug|Any CPU.Build.0 = Debug|Any CPU
		{D92C976C-761F-4C17-AEC8-9FF7B93455CB}.Release|Any CPU.ActiveCfg = Release|Any CPU
		{D92C976C-761F-4C17-AEC8-9FF7B93455CB}.Release|Any CPU.Build.0 = Release|Any CPU
		{B29C8124-F655-4099-A359-03BE41C3CC01}.Debug|Any CPU.ActiveCfg = Debug|Any CPU
		{B29C8124-F655-4099-A359-03BE41C3CC01}.Debug|Any CPU.Build.0 = Debug|Any CPU
		{B29C8124-F655-4099-A359-03BE41C3CC01}.Release|Any CPU.ActiveCfg = Release|Any CPU
		{B29C8124-F655-4099-A359-03BE41C3CC01}.Release|Any CPU.Build.0 = Release|Any CPU
		{E3C86CE4-3F01-4B47-9DF8-EFA9C1FD6DE8}.Debug|Any CPU.ActiveCfg = Debug|Any CPU
		{E3C86CE4-3F01-4B47-9DF8-EFA9C1FD6DE8}.Debug|Any CPU.Build.0 = Debug|Any CPU
		{E3C86CE4-3F01-4B47-9DF8-EFA9C1FD6DE8}.Release|Any CPU.ActiveCfg = Release|Any CPU
		{E3C86CE4-3F01-4B47-9DF8-EFA9C1FD6DE8}.Release|Any CPU.Build.0 = Release|Any CPU
		{BD4A6CBD-ADA8-4B6E-BCA9-6D812384A81B}.Debug|Any CPU.ActiveCfg = Debug|Any CPU
		{BD4A6CBD-ADA8-4B6E-BCA9-6D812384A81B}.Debug|Any CPU.Build.0 = Debug|Any CPU
		{BD4A6CBD-ADA8-4B6E-BCA9-6D812384A81B}.Release|Any CPU.ActiveCfg = Release|Any CPU
		{BD4A6CBD-ADA8-4B6E-BCA9-6D812384A81B}.Release|Any CPU.Build.0 = Release|Any CPU
		{DD6F845B-444C-4B1B-816E-9206973E7AE7}.Debug|Any CPU.ActiveCfg = Debug|Any CPU
		{DD6F845B-444C-4B1B-816E-9206973E7AE7}.Debug|Any CPU.Build.0 = Debug|Any CPU
		{DD6F845B-444C-4B1B-816E-9206973E7AE7}.Release|Any CPU.ActiveCfg = Release|Any CPU
		{DD6F845B-444C-4B1B-816E-9206973E7AE7}.Release|Any CPU.Build.0 = Release|Any CPU
		{C653D324-9FCB-40AD-B753-48A342047836}.Debug|Any CPU.ActiveCfg = Debug|Any CPU
		{C653D324-9FCB-40AD-B753-48A342047836}.Debug|Any CPU.Build.0 = Debug|Any CPU
		{C653D324-9FCB-40AD-B753-48A342047836}.Release|Any CPU.ActiveCfg = Release|Any CPU
		{C653D324-9FCB-40AD-B753-48A342047836}.Release|Any CPU.Build.0 = Release|Any CPU
	EndGlobalSection
	GlobalSection(SolutionProperties) = preSolution
		HideSolutionNode = FALSE
	EndGlobalSection
	GlobalSection(NestedProjects) = preSolution
		{A5471D05-7A1B-4D68-A7E3-8389168AB62F} = {F1488A42-3DE3-4DCF-8A95-B209266943A6}
		{BC1FE37D-C631-451D-A005-456F1C76DE01} = {F1488A42-3DE3-4DCF-8A95-B209266943A6}
		{D92C976C-761F-4C17-AEC8-9FF7B93455CB} = {F1488A42-3DE3-4DCF-8A95-B209266943A6}
		{B29C8124-F655-4099-A359-03BE41C3CC01} = {F1488A42-3DE3-4DCF-8A95-B209266943A6}
		{E3C86CE4-3F01-4B47-9DF8-EFA9C1FD6DE8} = {F1488A42-3DE3-4DCF-8A95-B209266943A6}
		{BD4A6CBD-ADA8-4B6E-BCA9-6D812384A81B} = {F1488A42-3DE3-4DCF-8A95-B209266943A6}
		{DD6F845B-444C-4B1B-816E-9206973E7AE7} = {F1488A42-3DE3-4DCF-8A95-B209266943A6}
		{C653D324-9FCB-40AD-B753-48A342047836} = {F1488A42-3DE3-4DCF-8A95-B209266943A6}
	EndGlobalSection
	GlobalSection(ExtensibilityGlobals) = postSolution
		SolutionGuid = {F54A30D8-8FAD-4BBA-AA36-4BF13C602ABE}
	EndGlobalSection
EndGlobal
